
Microsoft Visual Studio Solution File, Format Version 12.00
# Visual Studio Version 16
VisualStudioVersion = 16.0.29215.179
MinimumVisualStudioVersion = 10.0.40219.1
Project("{FAE04EC0-301F-11D3-BF4B-00C04F79EFBC}") = "MongoQueries", "MongoQueries.csproj", "{9FCC5A9C-F48A-4267-9660-1880C989725C}"
EndProject
Global
	GlobalSection(SolutionConfigurationPlatforms) = preSolution
		Debug|Any CPU = Debug|Any CPU
		Release|Any CPU = Release|Any CPU
	EndGlobalSection
	GlobalSection(ProjectConfigurationPlatforms) = postSolution
		{9FCC5A9C-F48A-4267-9660-1880C989725C}.Debug|Any CPU.ActiveCfg = Debug|Any CPU
		{9FCC5A9C-F48A-4267-9660-1880C989725C}.Debug|Any CPU.Build.0 = Debug|Any CPU
		{9FCC5A9C-F48A-4267-9660-1880C989725C}.Release|Any CPU.ActiveCfg = Release|Any CPU
		{9FCC5A9C-F48A-4267-9660-1880C989725C}.Release|Any CPU.Build.0 = Release|Any CPU
	EndGlobalSection
	GlobalSection(SolutionProperties) = preSolution
		HideSolutionNode = FALSE
	EndGlobalSection
	GlobalSection(ExtensibilityGlobals) = postSolution
		SolutionGuid = {7EB80F0D-C978-4B42-AEE8-661EE204E852}
	EndGlobalSection
EndGlobal
